PODS:
  - SuxiNumberInputView (0.1.1)

DEPENDENCIES:
  - SuxiNumberInputView (from `../`)

EXTERNAL SOURCES:
  SuxiNumberInputView:
    :path: "../"

SPEC CHECKSUMS:
  SuxiNumberInputView: 5f29c74fcda128f4539159e0733b6f79818f5be0

PODFILE CHECKSUM: 323be6e345363c9b33f0c5ea6f68a8a1e596c2ee

COCOAPODS: 1.5.3
