PODS:
  - SuxiNumberInputView (0.1.0)

DEPENDENCIES:
  - SuxiNumberInputView (from `../`)

EXTERNAL SOURCES:
  SuxiNumberInputView:
    :path: ../

SPEC CHECKSUMS:
  SuxiNumberInputView: 221704ae8a34a0661b4e2b74ac2ed3b104f54ab2

PODFILE CHECKSUM: 6c7962d247667c59b3b709a669103b76bc9da4c8

COCOAPODS: 1.3.0
