PODS:
  - SuxiNumberInputView (0.2.0)

DEPENDENCIES:
  - SuxiNumberInputView (from `../`)

EXTERNAL SOURCES:
  SuxiNumberInputView:
    :path: "../"

SPEC CHECKSUMS:
  SuxiNumberInputView: 241a082259e2c4f4dfe608a7639e69439a6ee6ca

PODFILE CHECKSUM: 6d9087ae51c6bf69c41f844e318d1188f0342d59

COCOAPODS: 1.6.0.beta.1
